// !$*UTF8*$!
{
	archiveVersion = 1;
	classes = {
	};
	objectVersion = 56;
	objects = {

/* Begin PBXBuildFile section */
		111111111111111111111001 /* dayceApp.swift in Sources */ = {isa = PBXBuildFile; fileRef = 111111111111111111112001 /* dayceApp.swift */; };
		111111111111111111111002 /* DayEvent.swift in Sources */ = {isa = PBXBuildFile; fileRef = 111111111111111111112002 /* DayEvent.swift */; };
		111111111111111111111003 /* DayCalculator.swift in Sources */ = {isa = PBXBuildFile; fileRef = 111111111111111111112003 /* DayCalculator.swift */; };
		111111111111111111111004 /* EventFilter.swift in Sources */ = {isa = PBXBuildFile; fileRef = 111111111111111111112004 /* EventFilter.swift */; };
		111111111111111111111014 /* EventSelection.swift in Sources */ = {isa = PBXBuildFile; fileRef = 111111111111111111112016 /* EventSelection.swift */; };
		111111111111111111111005 /* ContentView.swift in Sources */ = {isa = PBXBuildFile; fileRef = 111111111111111111112005 /* ContentView.swift */; };
		111111111111111111111006 /* EventListView.swift in Sources */ = {isa = PBXBuildFile; fileRef = 111111111111111111112006 /* EventListView.swift */; };
		111111111111111111111007 /* EventRowView.swift in Sources */ = {isa = PBXBuildFile; fileRef = 111111111111111111112007 /* EventRowView.swift */; };
		111111111111111111111008 /* EventDetailView.swift in Sources */ = {isa = PBXBuildFile; fileRef = 111111111111111111112008 /* EventDetailView.swift */; };
		111111111111111111111009 /* EventFormView.swift in Sources */ = {isa = PBXBuildFile; fileRef = 111111111111111111112009 /* EventFormView.swift */; };
		111111111111111111111010 /* Assets.xcassets in Resources */ = {isa = PBXBuildFile; fileRef = 111111111111111111112010 /* Assets.xcassets */; };
		111111111111111111111011 /* DayCalculatorTests.swift in Sources */ = {isa = PBXBuildFile; fileRef = 111111111111111111112011 /* DayCalculatorTests.swift */; };
		111111111111111111111012 /* EventFilterTests.swift in Sources */ = {isa = PBXBuildFile; fileRef = 111111111111111111112012 /* EventFilterTests.swift */; };
		111111111111111111111013 /* EventSelectionTests.swift in Sources */ = {isa = PBXBuildFile; fileRef = 111111111111111111112015 /* EventSelectionTests.swift */; };
/* End PBXBuildFile section */

/* Begin PBXContainerItemProxy section */
		111111111111111111113001 /* PBXContainerItemProxy */ = {
			isa = PBXContainerItemProxy;
			containerPortal = 111111111111111111114001 /* Project object */;
			proxyType = 1;
			remoteGlobalIDString = 111111111111111111115001;
			remoteInfo = dayce;
		};
/* End PBXContainerItemProxy section */

/* Begin PBXFileReference section */
		111111111111111111112001 /* dayceApp.swift */ = {isa = PBXFileReference; lastKnownFileType = sourcecode.swift; path = dayceApp.swift; sourceTree = "<group>"; };
		111111111111111111112002 /* DayEvent.swift */ = {isa = PBXFileReference; lastKnownFileType = sourcecode.swift; path = DayEvent.swift; sourceTree = "<group>"; };
		111111111111111111112003 /* DayCalculator.swift */ = {isa = PBXFileReference; lastKnownFileType = sourcecode.swift; path = DayCalculator.swift; sourceTree = "<group>"; };
		111111111111111111112004 /* EventFilter.swift */ = {isa = PBXFileReference; lastKnownFileType = sourcecode.swift; path = EventFilter.swift; sourceTree = "<group>"; };
		111111111111111111112016 /* EventSelection.swift */ = {isa = PBXFileReference; lastKnownFileType = sourcecode.swift; path = EventSelection.swift; sourceTree = "<group>"; };
		111111111111111111112005 /* ContentView.swift */ = {isa = PBXFileReference; lastKnownFileType = sourcecode.swift; path = ContentView.swift; sourceTree = "<group>"; };
		111111111111111111112006 /* EventListView.swift */ = {isa = PBXFileReference; lastKnownFileType = sourcecode.swift; path = EventListView.swift; sourceTree = "<group>"; };
		111111111111111111112007 /* EventRowView.swift */ = {isa = PBXFileReference; lastKnownFileType = sourcecode.swift; path = EventRowView.swift; sourceTree = "<group>"; };
		111111111111111111112008 /* EventDetailView.swift */ = {isa = PBXFileReference; lastKnownFileType = sourcecode.swift; path = EventDetailView.swift; sourceTree = "<group>"; };
		111111111111111111112009 /* EventFormView.swift */ = {isa = PBXFileReference; lastKnownFileType = sourcecode.swift; path = EventFormView.swift; sourceTree = "<group>"; };
		111111111111111111112010 /* Assets.xcassets */ = {isa = PBXFileReference; lastKnownFileType = folder.assetcatalog; path = Assets.xcassets; sourceTree = "<group>"; };
		111111111111111111112011 /* DayCalculatorTests.swift */ = {isa = PBXFileReference; lastKnownFileType = sourcecode.swift; path = DayCalculatorTests.swift; sourceTree = "<group>"; };
		111111111111111111112012 /* EventFilterTests.swift */ = {isa = PBXFileReference; lastKnownFileType = sourcecode.swift; path = EventFilterTests.swift; sourceTree = "<group>"; };
		111111111111111111112013 /* dayce.app */ = {isa = PBXFileReference; explicitFileType = wrapper.application; includeInIndex = 0; path = dayce.app; sourceTree = BUILT_PRODUCTS_DIR; };
		111111111111111111112014 /* dayceTests.xctest */ = {isa = PBXFileReference; explicitFileType = wrapper.cfbundle; includeInIndex = 0; path = dayceTests.xctest; sourceTree = BUILT_PRODUCTS_DIR; };
		111111111111111111112015 /* EventSelectionTests.swift */ = {isa = PBXFileReference; lastKnownFileType = sourcecode.swift; path = EventSelectionTests.swift; sourceTree = "<group>"; };
/* End PBXFileReference section */

/* Begin PBXFrameworksBuildPhase section */
		111111111111111111116001 /* Frameworks */ = {
			isa = PBXFrameworksBuildPhase;
			buildActionMask = 2147483647;
			files = (
			);
			runOnlyForDeploymentPostprocessing = 0;
		};
		111111111111111111116002 /* Frameworks */ = {
			isa = PBXFrameworksBuildPhase;
			buildActionMask = 2147483647;
			files = (
			);
			runOnlyForDeploymentPostprocessing = 0;
		};
/* End PBXFrameworksBuildPhase section */

/* Begin PBXGroup section */
		111111111111111111117001 = {
			isa = PBXGroup;
			children = (
				111111111111111111117002 /* dayce */,
				111111111111111111117006 /* dayceTests */,
				111111111111111111117007 /* Products */,
			);
			sourceTree = "<group>";
		};
		111111111111111111117002 /* dayce */ = {
			isa = PBXGroup;
			children = (
				111111111111111111112001 /* dayceApp.swift */,
				111111111111111111117003 /* Models */,
				111111111111111111117004 /* Logic */,
				111111111111111111117005 /* Views */,
				111111111111111111112010 /* Assets.xcassets */,
			);
			path = dayce;
			sourceTree = "<group>";
		};
		111111111111111111117003 /* Models */ = {
			isa = PBXGroup;
			children = (
				111111111111111111112002 /* DayEvent.swift */,
			);
			path = Models;
			sourceTree = "<group>";
		};
		111111111111111111117004 /* Logic */ = {
			isa = PBXGroup;
			children = (
				111111111111111111112003 /* DayCalculator.swift */,
				111111111111111111112004 /* EventFilter.swift */,
				111111111111111111112016 /* EventSelection.swift */,
			);
			path = Logic;
			sourceTree = "<group>";
		};
		111111111111111111117005 /* Views */ = {
			isa = PBXGroup;
			children = (
				111111111111111111112005 /* ContentView.swift */,
				111111111111111111112006 /* EventListView.swift */,
				111111111111111111112007 /* EventRowView.swift */,
				111111111111111111112008 /* EventDetailView.swift */,
				111111111111111111112009 /* EventFormView.swift */,
			);
			path = Views;
			sourceTree = "<group>";
		};
		111111111111111111117006 /* dayceTests */ = {
			isa = PBXGroup;
			children = (
				111111111111111111112011 /* DayCalculatorTests.swift */,
				111111111111111111112012 /* EventFilterTests.swift */,
				111111111111111111112015 /* EventSelectionTests.swift */,
			);
			path = dayceTests;
			sourceTree = "<group>";
		};
		111111111111111111117007 /* Products */ = {
			isa = PBXGroup;
			children = (
				111111111111111111112013 /* dayce.app */,
				111111111111111111112014 /* dayceTests.xctest */,
			);
			name = Products;
			sourceTree = "<group>";
		};
/* End PBXGroup section */

/* Begin PBXNativeTarget section */
		111111111111111111115001 /* dayce */ = {
			isa = PBXNativeTarget;
			buildConfigurationList = 111111111111111111118001 /* Build configuration list for PBXNativeTarget "dayce" */;
			buildPhases = (
				111111111111111111119001 /* Sources */,
				111111111111111111116001 /* Frameworks */,
				111111111111111111119002 /* Resources */,
			);
			buildRules = (
			);
			dependencies = (
			);
			name = dayce;
			productName = dayce;
			productReference = 111111111111111111112013 /* dayce.app */;
			productType = "com.apple.product-type.application";
		};
		111111111111111111115002 /* dayceTests */ = {
			isa = PBXNativeTarget;
			buildConfigurationList = 111111111111111111118002 /* Build configuration list for PBXNativeTarget "dayceTests" */;
			buildPhases = (
				111111111111111111119003 /* Sources */,
				111111111111111111116002 /* Frameworks */,
				111111111111111111119004 /* Resources */,
			);
			buildRules = (
			);
			dependencies = (
				11111111111111111111A001 /* PBXTargetDependency */,
			);
			name = dayceTests;
			productName = dayceTests;
			productReference = 111111111111111111112014 /* dayceTests.xctest */;
			productType = "com.apple.product-type.bundle.unit-test";
		};
/* End PBXNativeTarget section */

/* Begin PBXProject section */
		111111111111111111114001 /* Project object */ = {
			isa = PBXProject;
			attributes = {
				BuildIndependentTargetsInParallel = 1;
				LastSwiftUpdateCheck = 1600;
				LastUpgradeCheck = 1600;
				TargetAttributes = {
					111111111111111111115001 = {
						CreatedOnToolsVersion = 16.0;
					};
					111111111111111111115002 = {
						CreatedOnToolsVersion = 16.0;
						TestTargetID = 111111111111111111115001;
					};
				};
			};
			buildConfigurationList = 111111111111111111118003 /* Build configuration list for PBXProject "dayce" */;
			compatibilityVersion = "Xcode 14.0";
			developmentRegion = en;
			hasScannedForEncodings = 0;
			knownRegions = (
				en,
				Base,
			);
			mainGroup = 111111111111111111117001;
			productRefGroup = 111111111111111111117007 /* Products */;
			projectDirPath = "";
			projectRoot = "";
			targets = (
				111111111111111111115001 /* dayce */,
				111111111111111111115002 /* dayceTests */,
			);
		};
/* End PBXProject section */

/* Begin PBXResourcesBuildPhase section */
		111111111111111111119002 /* Resources */ = {
			isa = PBXResourcesBuildPhase;
			buildActionMask = 2147483647;
			files = (
				111111111111111111111010 /* Assets.xcassets in Resources */,
			);
			runOnlyForDeploymentPostprocessing = 0;
		};
		111111111111111111119004 /* Resources */ = {
			isa = PBXResourcesBuildPhase;
			buildActionMask = 2147483647;
			files = (
			);
			runOnlyForDeploymentPostprocessing = 0;
		};
/* End PBXResourcesBuildPhase section */

/* Begin PBXSourcesBuildPhase section */
		111111111111111111119001 /* Sources */ = {
			isa = PBXSourcesBuildPhase;
			buildActionMask = 2147483647;
			files = (
				111111111111111111111001 /* dayceApp.swift in Sources */,
				111111111111111111111002 /* DayEvent.swift in Sources */,
				111111111111111111111003 /* DayCalculator.swift in Sources */,
				111111111111111111111004 /* EventFilter.swift in Sources */,
				111111111111111111111014 /* EventSelection.swift in Sources */,
				111111111111111111111005 /* ContentView.swift in Sources */,
				111111111111111111111006 /* EventListView.swift in Sources */,
				111111111111111111111007 /* EventRowView.swift in Sources */,
				111111111111111111111008 /* EventDetailView.swift in Sources */,
				111111111111111111111009 /* EventFormView.swift in Sources */,
			);
			runOnlyForDeploymentPostprocessing = 0;
		};
		111111111111111111119003 /* Sources */ = {
			isa = PBXSourcesBuildPhase;
			buildActionMask = 2147483647;
			files = (
				111111111111111111111011 /* DayCalculatorTests.swift in Sources */,
				111111111111111111111012 /* EventFilterTests.swift in Sources */,
				111111111111111111111013 /* EventSelectionTests.swift in Sources */,
			);
			runOnlyForDeploymentPostprocessing = 0;
		};
/* End PBXSourcesBuildPhase section */

/* Begin PBXTargetDependency section */
		11111111111111111111A001 /* PBXTargetDependency */ = {
			isa = PBXTargetDependency;
			target = 111111111111111111115001 /* dayce */;
			targetProxy = 111111111111111111113001 /* PBXContainerItemProxy */;
		};
/* End PBXTargetDependency section */

/* Begin XCBuildConfiguration section */
		11111111111111111111B001 /* Debug */ = {
			isa = XCBuildConfiguration;
			buildSettings = {
				ALWAYS_SEARCH_USER_PATHS = NO;
				CLANG_ANALYZER_NONNULL = YES;
				CLANG_ANALYZER_NUMBER_OBJECT_CONVERSION = YES_AGGRESSIVE;
				CLANG_CXX_LANGUAGE_STANDARD = "gnu++20";
				CLANG_ENABLE_MODULES = YES;
				CLANG_ENABLE_OBJC_ARC = YES;
				CLANG_ENABLE_OBJC_WEAK = YES;
				CLANG_WARN_BLOCK_CAPTURE_AUTORELEASING = YES;
				CLANG_WARN_BOOL_CONVERSION = YES;
				CLANG_WARN_COMMA = YES;
				CLANG_WARN_CONSTANT_CONVERSION = YES;
				CLANG_WARN_DEPRECATED_OBJC_IMPLEMENTATIONS = YES;
				CLANG_WARN_DIRECT_OBJC_ISA_USAGE = YES_ERROR;
				CLANG_WARN_DOCUMENTATION_COMMENTS = YES;
				CLANG_WARN_EMPTY_BODY = YES;
				CLANG_WARN_ENUM_CONVERSION = YES;
				CLANG_WARN_INFINITE_RECURSION = YES;
				CLANG_WARN_INT_CONVERSION = YES;
				CLANG_WARN_NON_LITERAL_NULL_CONVERSION = YES;
				CLANG_WARN_OBJC_IMPLICIT_RETAIN_SELF = YES;
				CLANG_WARN_OBJC_LITERAL_CONVERSION = YES;
				CLANG_WARN_OBJC_ROOT_CLASS = YES_ERROR;
				CLANG_WARN_QUOTED_INCLUDE_IN_FRAMEWORK_HEADER = YES;
				CLANG_WARN_RANGE_LOOP_ANALYSIS = YES;
				CLANG_WARN_STRICT_PROTOTYPES = YES;
				CLANG_WARN_SUSPICIOUS_MOVE = YES;
				CLANG_WARN_UNGUARDED_AVAILABILITY = YES_AGGRESSIVE;
				CLANG_WARN_UNREACHABLE_CODE = YES;
				CLANG_WARN__DUPLICATE_METHOD_MATCH = YES;
				COPY_PHASE_STRIP = NO;
				DEBUG_INFORMATION_FORMAT = dwarf;
				ENABLE_STRICT_OBJC_MSGSEND = YES;
				ENABLE_TESTABILITY = YES;
				ENABLE_USER_SCRIPT_SANDBOXING = YES;
				GCC_C_LANGUAGE_STANDARD = gnu17;
				GCC_DYNAMIC_NO_PIC = NO;
				GCC_NO_COMMON_BLOCKS = YES;
				GCC_OPTIMIZATION_LEVEL = 0;
				GCC_PREPROCESSOR_DEFINITIONS = (
					"DEBUG=1",
					"$(inherited)",
				);
				GCC_WARN_64_TO_32_BIT_CONVERSION = YES;
				GCC_WARN_ABOUT_RETURN_TYPE = YES_ERROR;
				GCC_WARN_UNDECLARED_SELECTOR = YES;
				GCC_WARN_UNINITIALIZED_AUTOS = YES_AGGRESSIVE;
				GCC_WARN_UNUSED_FUNCTION = YES;
				GCC_WARN_UNUSED_VARIABLE = YES;
				IPHONEOS_DEPLOYMENT_TARGET = 17.0;
				LOCALIZATION_PREFERS_STRING_CATALOGS = YES;
				MTL_ENABLE_DEBUG_INFO = INCLUDE_SOURCE;
				MTL_FAST_MATH = YES;
				ONLY_ACTIVE_ARCH = YES;
				SDKROOT = iphoneos;
				SWIFT_ACTIVE_COMPILATION_CONDITIONS = DEBUG;
				SWIFT_OPTIMIZATION_LEVEL = "-Onone";
			};
			name = Debug;
		};
		11111111111111111111B002 /* Release */ = {
			isa = XCBuildConfiguration;
			buildSettings = {
				ALWAYS_SEARCH_USER_PATHS = NO;
				CLANG_ANALYZER_NONNULL = YES;
				CLANG_ANALYZER_NUMBER_OBJECT_CONVERSION = YES_AGGRESSIVE;
				CLANG_CXX_LANGUAGE_STANDARD = "gnu++20";
				CLANG_ENABLE_MODULES = YES;
				CLANG_ENABLE_OBJC_ARC = YES;
				CLANG_ENABLE_OBJC_WEAK = YES;
				CLANG_WARN_BLOCK_CAPTURE_AUTORELEASING = YES;
				CLANG_WARN_BOOL_CONVERSION = YES;
				CLANG_WARN_COMMA = YES;
				CLANG_WARN_CONSTANT_CONVERSION = YES;
				CLANG_WARN_DEPRECATED_OBJC_IMPLEMENTATIONS = YES;
				CLANG_WARN_DIRECT_OBJC_ISA_USAGE = YES_ERROR;
				CLANG_WARN_DOCUMENTATION_COMMENTS = YES;
				CLANG_WARN_EMPTY_BODY = YES;
				CLANG_WARN_ENUM_CONVERSION = YES;
				CLANG_WARN_INFINITE_RECURSION = YES;
				CLANG_WARN_INT_CONVERSION = YES;
				CLANG_WARN_NON_LITERAL_NULL_CONVERSION = YES;
				CLANG_WARN_OBJC_IMPLICIT_RETAIN_SELF = YES;
				CLANG_WARN_OBJC_LITERAL_CONVERSION = YES;
				CLANG_WARN_OBJC_ROOT_CLASS = YES_ERROR;
				CLANG_WARN_QUOTED_INCLUDE_IN_FRAMEWORK_HEADER = YES;
				CLANG_WARN_RANGE_LOOP_ANALYSIS = YES;
				CLANG_WARN_STRICT_PROTOTYPES = YES;
				CLANG_WARN_SUSPICIOUS_MOVE = YES;
				CLANG_WARN_UNGUARDED_AVAILABILITY = YES_AGGRESSIVE;
				CLANG_WARN_UNREACHABLE_CODE = YES;
				CLANG_WARN__DUPLICATE_METHOD_MATCH = YES;
				COPY_PHASE_STRIP = NO;
				DEBUG_INFORMATION_FORMAT = "dwarf-with-dsym";
				ENABLE_NS_ASSERTIONS = NO;
				ENABLE_STRICT_OBJC_MSGSEND = YES;
				ENABLE_USER_SCRIPT_SANDBOXING = YES;
				GCC_C_LANGUAGE_STANDARD = gnu17;
				GCC_NO_COMMON_BLOCKS = YES;
				GCC_WARN_64_TO_32_BIT_CONVERSION = YES;
				GCC_WARN_ABOUT_RETURN_TYPE = YES_ERROR;
				GCC_WARN_UNDECLARED_SELECTOR = YES;
				GCC_WARN_UNINITIALIZED_AUTOS = YES_AGGRESSIVE;
				GCC_WARN_UNUSED_FUNCTION = YES;
				GCC_WARN_UNUSED_VARIABLE = YES;
				IPHONEOS_DEPLOYMENT_TARGET = 17.0;
				LOCALIZATION_PREFERS_STRING_CATALOGS = YES;
				MTL_ENABLE_DEBUG_INFO = NO;
				MTL_FAST_MATH = YES;
				SDKROOT = iphoneos;
				SWIFT_COMPILATION_MODE = wholemodule;
				VALIDATE_PRODUCT = YES;
			};
			name = Release;
		};
		11111111111111111111B003 /* Debug */ = {
			isa = XCBuildConfiguration;
			buildSettings = {
				ASSETCATALOG_COMPILER_APPICON_NAME = AppIcon;
				CODE_SIGN_STYLE = Automatic;
				CURRENT_PROJECT_VERSION = 1;
				DEVELOPMENT_TEAM = "";
				GENERATE_INFOPLIST_FILE = YES;
				INFOPLIST_KEY_CFBundleDisplayName = dayce;
				INFOPLIST_KEY_UILaunchScreen_Generation = YES;
				INFOPLIST_KEY_UISupportedInterfaceOrientations = "UIInterfaceOrientationPortrait UIInterfaceOrientationLandscapeLeft UIInterfaceOrientationLandscapeRight";
				INFOPLIST_KEY_UISupportedInterfaceOrientations_iPad = "UIInterfaceOrientationPortrait UIInterfaceOrientationPortraitUpsideDown UIInterfaceOrientationLandscapeLeft UIInterfaceOrientationLandscapeRight";
				IPHONEOS_DEPLOYMENT_TARGET = 17.0;
				LD_RUNPATH_SEARCH_PATHS = (
					"$(inherited)",
					"@executable_path/Frameworks",
				);
				MARKETING_VERSION = 1.0;
				PRODUCT_BUNDLE_IDENTIFIER = com.tanishi.dayce;
				PRODUCT_NAME = dayce;
				SUPPORTED_PLATFORMS = "iphoneos iphonesimulator";
				SUPPORTS_MACCATALYST = NO;
				SUPPORTS_MAC_DESIGNED_FOR_IPHONE_IPAD = NO;
				SUPPORTS_XR_DESIGNED_FOR_IPHONE_IPAD = NO;
				SWIFT_EMIT_LOC_STRINGS = YES;
				SWIFT_VERSION = 5.0;
				TARGETED_DEVICE_FAMILY = "1,2";
			};
			name = Debug;
		};
		11111111111111111111B004 /* Release */ = {
			isa = XCBuildConfiguration;
			buildSettings = {
				ASSETCATALOG_COMPILER_APPICON_NAME = AppIcon;
				CODE_SIGN_STYLE = Automatic;
				CURRENT_PROJECT_VERSION = 1;
				DEVELOPMENT_TEAM = "";
				GENERATE_INFOPLIST_FILE = YES;
				INFOPLIST_KEY_CFBundleDisplayName = dayce;
				INFOPLIST_KEY_UILaunchScreen_Generation = YES;
				INFOPLIST_KEY_UISupportedInterfaceOrientations = "UIInterfaceOrientationPortrait UIInterfaceOrientationLandscapeLeft UIInterfaceOrientationLandscapeRight";
				INFOPLIST_KEY_UISupportedInterfaceOrientations_iPad = "UIInterfaceOrientationPortrait UIInterfaceOrientationPortraitUpsideDown UIInterfaceOrientationLandscapeLeft UIInterfaceOrientationLandscapeRight";
				IPHONEOS_DEPLOYMENT_TARGET = 17.0;
				LD_RUNPATH_SEARCH_PATHS = (
					"$(inherited)",
					"@executable_path/Frameworks",
				);
				MARKETING_VERSION = 1.0;
				PRODUCT_BUNDLE_IDENTIFIER = com.tanishi.dayce;
				PRODUCT_NAME = dayce;
				SUPPORTED_PLATFORMS = "iphoneos iphonesimulator";
				SUPPORTS_MACCATALYST = NO;
				SUPPORTS_MAC_DESIGNED_FOR_IPHONE_IPAD = NO;
				SUPPORTS_XR_DESIGNED_FOR_IPHONE_IPAD = NO;
				SWIFT_EMIT_LOC_STRINGS = YES;
				SWIFT_VERSION = 5.0;
				TARGETED_DEVICE_FAMILY = "1,2";
			};
			name = Release;
		};
		11111111111111111111B005 /* Debug */ = {
			isa = XCBuildConfiguration;
			buildSettings = {
				BUNDLE_LOADER = "$(TEST_HOST)";
				CODE_SIGN_STYLE = Automatic;
				CURRENT_PROJECT_VERSION = 1;
				DEVELOPMENT_TEAM = "";
				GENERATE_INFOPLIST_FILE = YES;
				IPHONEOS_DEPLOYMENT_TARGET = 17.0;
				LD_RUNPATH_SEARCH_PATHS = (
					"$(inherited)",
					"@executable_path/Frameworks",
					"@loader_path/Frameworks",
				);
				MARKETING_VERSION = 1.0;
				PRODUCT_BUNDLE_IDENTIFIER = com.tanishi.dayceTests;
				PRODUCT_NAME = "$(TARGET_NAME)";
				SWIFT_VERSION = 5.0;
				TARGETED_DEVICE_FAMILY = "1,2";
				TEST_HOST = "$(BUILT_PRODUCTS_DIR)/dayce.app/$(BUNDLE_EXECUTABLE_FOLDER_PATH)/dayce";
			};
			name = Debug;
		};
		11111111111111111111B006 /* Release */ = {
			isa = XCBuildConfiguration;
			buildSettings = {
				BUNDLE_LOADER = "$(TEST_HOST)";
				CODE_SIGN_STYLE = Automatic;
				CURRENT_PROJECT_VERSION = 1;
				DEVELOPMENT_TEAM = "";
				GENERATE_INFOPLIST_FILE = YES;
				IPHONEOS_DEPLOYMENT_TARGET = 17.0;
				LD_RUNPATH_SEARCH_PATHS = (
					"$(inherited)",
					"@executable_path/Frameworks",
					"@loader_path/Frameworks",
				);
				MARKETING_VERSION = 1.0;
				PRODUCT_BUNDLE_IDENTIFIER = com.tanishi.dayceTests;
				PRODUCT_NAME = "$(TARGET_NAME)";
				SWIFT_VERSION = 5.0;
				TARGETED_DEVICE_FAMILY = "1,2";
				TEST_HOST = "$(BUILT_PRODUCTS_DIR)/dayce.app/$(BUNDLE_EXECUTABLE_FOLDER_PATH)/dayce";
			};
			name = Release;
		};
/* End XCBuildConfiguration section */

/* Begin XCConfigurationList section */
		111111111111111111118001 /* Build configuration list for PBXNativeTarget "dayce" */ = {
			isa = XCConfigurationList;
			buildConfigurations = (
				11111111111111111111B003 /* Debug */,
				11111111111111111111B004 /* Release */,
			);
			defaultConfigurationIsVisible = 0;
			defaultConfigurationName = Release;
		};
		111111111111111111118002 /* Build configuration list for PBXNativeTarget "dayceTests" */ = {
			isa = XCConfigurationList;
			buildConfigurations = (
				11111111111111111111B005 /* Debug */,
				11111111111111111111B006 /* Release */,
			);
			defaultConfigurationIsVisible = 0;
			defaultConfigurationName = Release;
		};
		111111111111111111118003 /* Build configuration list for PBXProject "dayce" */ = {
			isa = XCConfigurationList;
			buildConfigurations = (
				11111111111111111111B001 /* Debug */,
				11111111111111111111B002 /* Release */,
			);
			defaultConfigurationIsVisible = 0;
			defaultConfigurationName = Release;
		};
/* End XCConfigurationList section */
	};
	rootObject = 111111111111111111114001 /* Project object */;
}
